PODS:
  - SwiftLint (0.20.0)
  - SWXMLHash (4.0.0)

DEPENDENCIES:
  - SwiftLint
  - SWXMLHash (~> 4.0.0)

SPEC CHECKSUMS:
  SwiftLint: 3f7543509c931d1291395335f34e245d3919b7f2
  SWXMLHash: 6bbc0bf72975a18ceda469fb7d6a886a26d81694

PODFILE CHECKSUM: ae2e78445de0a2ce916014e77b4128c78e0a24f5

COCOAPODS: 1.2.1
